
Microsoft Visual Studio Solution File, Format Version 12.00
Project("{2150E333-8FDC-42A3-9474-1A3956D46DE8}") = "0 Utils", "0 Utils", "{57FCB451-F8FC-4ECF-B146-DE47A817F1FA}"
EndProject
Project("{2150E333-8FDC-42A3-9474-1A3956D46DE8}") = "1 Entities", "1 Entities", "{E7755DC4-44BE-4046-9E1B-4341435B2318}"
EndProject
Project("{2150E333-8FDC-42A3-9474-1A3956D46DE8}") = "2 UseCases", "2 UseCases", "{DAC3AB2E-D6AC-43E9-9571-44D12E6F7E07}"
EndProject
Project("{2150E333-8FDC-42A3-9474-1A3956D46DE8}") = "3 Controllers", "3 Controllers", "{6091C2E2-F98C-46A7-83C0-59C1D8B2D40F}"
EndProject
Project("{2150E333-8FDC-42A3-9474-1A3956D46DE8}") = "4 Frameworks", "4 Frameworks", "{D73052E8-3501-4FF1-954D-14E182255C5C}"
EndProject
Project("{2150E333-8FDC-42A3-9474-1A3956D46DE8}") = "5 Tests", "5 Tests", "{3F383465-60DD-4CA9-A698-1B295A7D5DCD}"
EndProject
Project("{FAE04EC0-301F-11D3-BF4B-00C04F79EFBC}") = "TirasAuto.DomainModel", "TirasAuto.DomainModel\TirasAuto.DomainModel.csproj", "{386AC761-E49D-4C46-B38C-91043CEF283A}"
EndProject
Project("{FAE04EC0-301F-11D3-BF4B-00C04F79EFBC}") = "TirasAuto.Infrastructure.Interfaces", "TirasAuto.Infrastructure.Interfaces\TirasAuto.Infrastructure.Interfaces.csproj", "{F1977245-8906-4E8A-877F-5C010C8F4B28}"
EndProject
Project("{FAE04EC0-301F-11D3-BF4B-00C04F79EFBC}") = "TirasAuto.Controller.Base", "TirasAuto.Controller.Base\TirasAuto.Controller.Base.csproj", "{F03561B5-69D1-4C6C-9BE6-54C38C3BF638}"
EndProject
Project("{FAE04EC0-301F-11D3-BF4B-00C04F79EFBC}") = "TirasAuto.Controller.Web", "TirasAuto.Controller.Web\TirasAuto.Controller.Web.csproj", "{8BC71048-6F20-478F-99D7-1F958FF18EC0}"
EndProject
Project("{FAE04EC0-301F-11D3-BF4B-00C04F79EFBC}") = "TirasAuto.DataAccess.EF", "TirasAuto.DataAccess.EF\TirasAuto.DataAccess.EF.csproj", "{43800B48-0723-4EC1-A3C2-ECA016A46F8C}"
EndProject
Project("{FAE04EC0-301F-11D3-BF4B-00C04F79EFBC}") = "TirasAuto.Infrastructure.Implementation", "TirasAuto.Infrastructure.Implementation\TirasAuto.Infrastructure.Implementation.csproj", "{E912A2D9-9846-4275-B037-C7D4E9581995}"
EndProject
Project("{FAE04EC0-301F-11D3-BF4B-00C04F79EFBC}") = "TirasAuto.Utils", "TirasAuto.Utils\TirasAuto.Utils.csproj", "{DEDDEE29-E53E-448E-847A-A24050A9D96A}"
EndProject
Project("{FAE04EC0-301F-11D3-BF4B-00C04F79EFBC}") = "TirasAuto.Web", "TirasAuto.Web\TirasAuto.Web.csproj", "{F11FB8DA-8445-4457-9D74-D95A52597801}"
EndProject
Global
	GlobalSection(SolutionConfigurationPlatforms) = preSolution
		Debug|Any CPU = Debug|Any CPU
		Release|Any CPU = Release|Any CPU
	EndGlobalSection
	GlobalSection(ProjectConfigurationPlatforms) = postSolution
		{386AC761-E49D-4C46-B38C-91043CEF283A}.Debug|Any CPU.ActiveCfg = Debug|Any CPU
		{386AC761-E49D-4C46-B38C-91043CEF283A}.Debug|Any CPU.Build.0 = Debug|Any CPU
		{386AC761-E49D-4C46-B38C-91043CEF283A}.Release|Any CPU.ActiveCfg = Release|Any CPU
		{386AC761-E49D-4C46-B38C-91043CEF283A}.Release|Any CPU.Build.0 = Release|Any CPU
		{F1977245-8906-4E8A-877F-5C010C8F4B28}.Debug|Any CPU.ActiveCfg = Debug|Any CPU
		{F1977245-8906-4E8A-877F-5C010C8F4B28}.Debug|Any CPU.Build.0 = Debug|Any CPU
		{F1977245-8906-4E8A-877F-5C010C8F4B28}.Release|Any CPU.ActiveCfg = Release|Any CPU
		{F1977245-8906-4E8A-877F-5C010C8F4B28}.Release|Any CPU.Build.0 = Release|Any CPU
		{F03561B5-69D1-4C6C-9BE6-54C38C3BF638}.Debug|Any CPU.ActiveCfg = Debug|Any CPU
		{F03561B5-69D1-4C6C-9BE6-54C38C3BF638}.Debug|Any CPU.Build.0 = Debug|Any CPU
		{F03561B5-69D1-4C6C-9BE6-54C38C3BF638}.Release|Any CPU.ActiveCfg = Release|Any CPU
		{F03561B5-69D1-4C6C-9BE6-54C38C3BF638}.Release|Any CPU.Build.0 = Release|Any CPU
		{8BC71048-6F20-478F-99D7-1F958FF18EC0}.Debug|Any CPU.ActiveCfg = Debug|Any CPU
		{8BC71048-6F20-478F-99D7-1F958FF18EC0}.Debug|Any CPU.Build.0 = Debug|Any CPU
		{8BC71048-6F20-478F-99D7-1F958FF18EC0}.Release|Any CPU.ActiveCfg = Release|Any CPU
		{8BC71048-6F20-478F-99D7-1F958FF18EC0}.Release|Any CPU.Build.0 = Release|Any CPU
		{43800B48-0723-4EC1-A3C2-ECA016A46F8C}.Debug|Any CPU.ActiveCfg = Debug|Any CPU
		{43800B48-0723-4EC1-A3C2-ECA016A46F8C}.Debug|Any CPU.Build.0 = Debug|Any CPU
		{43800B48-0723-4EC1-A3C2-ECA016A46F8C}.Release|Any CPU.ActiveCfg = Release|Any CPU
		{43800B48-0723-4EC1-A3C2-ECA016A46F8C}.Release|Any CPU.Build.0 = Release|Any CPU
		{E912A2D9-9846-4275-B037-C7D4E9581995}.Debug|Any CPU.ActiveCfg = Debug|Any CPU
		{E912A2D9-9846-4275-B037-C7D4E9581995}.Debug|Any CPU.Build.0 = Debug|Any CPU
		{E912A2D9-9846-4275-B037-C7D4E9581995}.Release|Any CPU.ActiveCfg = Release|Any CPU
		{E912A2D9-9846-4275-B037-C7D4E9581995}.Release|Any CPU.Build.0 = Release|Any CPU
		{DEDDEE29-E53E-448E-847A-A24050A9D96A}.Debug|Any CPU.ActiveCfg = Debug|Any CPU
		{DEDDEE29-E53E-448E-847A-A24050A9D96A}.Debug|Any CPU.Build.0 = Debug|Any CPU
		{DEDDEE29-E53E-448E-847A-A24050A9D96A}.Release|Any CPU.ActiveCfg = Release|Any CPU
		{DEDDEE29-E53E-448E-847A-A24050A9D96A}.Release|Any CPU.Build.0 = Release|Any CPU
		{F11FB8DA-8445-4457-9D74-D95A52597801}.Debug|Any CPU.ActiveCfg = Debug|Any CPU
		{F11FB8DA-8445-4457-9D74-D95A52597801}.Debug|Any CPU.Build.0 = Debug|Any CPU
		{F11FB8DA-8445-4457-9D74-D95A52597801}.Release|Any CPU.ActiveCfg = Release|Any CPU
		{F11FB8DA-8445-4457-9D74-D95A52597801}.Release|Any CPU.Build.0 = Release|Any CPU
	EndGlobalSection
	GlobalSection(NestedProjects) = preSolution
		{386AC761-E49D-4C46-B38C-91043CEF283A} = {E7755DC4-44BE-4046-9E1B-4341435B2318}
		{F1977245-8906-4E8A-877F-5C010C8F4B28} = {DAC3AB2E-D6AC-43E9-9571-44D12E6F7E07}
		{F03561B5-69D1-4C6C-9BE6-54C38C3BF638} = {6091C2E2-F98C-46A7-83C0-59C1D8B2D40F}
		{8BC71048-6F20-478F-99D7-1F958FF18EC0} = {6091C2E2-F98C-46A7-83C0-59C1D8B2D40F}
		{43800B48-0723-4EC1-A3C2-ECA016A46F8C} = {D73052E8-3501-4FF1-954D-14E182255C5C}
		{E912A2D9-9846-4275-B037-C7D4E9581995} = {D73052E8-3501-4FF1-954D-14E182255C5C}
		{DEDDEE29-E53E-448E-847A-A24050A9D96A} = {57FCB451-F8FC-4ECF-B146-DE47A817F1FA}
		{F11FB8DA-8445-4457-9D74-D95A52597801} = {D73052E8-3501-4FF1-954D-14E182255C5C}
	EndGlobalSection
EndGlobal
